Microsoft Visual Studio Solution File, Format Version 12.00
# Visual Studio 2012
Project("{FAE04EC0-301F-11D3-BF4B-00C04F79EFBC}") = "Snake", "Snake.csproj", "{FB0D4835-438F-4855-9ACD-2C84E273D735}"
EndProject
Global
	GlobalSection(SolutionConfigurationPlatforms) = preSolution
	Debug|Any CPU = Debug|Any CPU
	ExportDebug|Any CPU = ExportDebug|Any CPU
	ExportRelease|Any CPU = ExportRelease|Any CPU
	EndGlobalSection
	GlobalSection(ProjectConfigurationPlatforms) = postSolution
		{FB0D4835-438F-4855-9ACD-2C84E273D735}.Debug|Any CPU.ActiveCfg = Debug|Any CPU
		{FB0D4835-438F-4855-9ACD-2C84E273D735}.Debug|Any CPU.Build.0 = Debug|Any CPU
		{FB0D4835-438F-4855-9ACD-2C84E273D735}.ExportDebug|Any CPU.ActiveCfg = ExportDebug|Any CPU
		{FB0D4835-438F-4855-9ACD-2C84E273D735}.ExportDebug|Any CPU.Build.0 = ExportDebug|Any CPU
		{FB0D4835-438F-4855-9ACD-2C84E273D735}.ExportRelease|Any CPU.ActiveCfg = ExportRelease|Any CPU
		{FB0D4835-438F-4855-9ACD-2C84E273D735}.ExportRelease|Any CPU.Build.0 = ExportRelease|Any CPU
	EndGlobalSection
EndGlobal
